// !$*UTF8*$!
{
	archiveVersion = 1;
	classes = {
	};
	objectVersion = 50;
	objects = {

/* Begin PBXBuildFile section */
		9B89A5582144CE350018B7D0 /* AppDelegate.swift in Sources */ = {isa = PBXBuildFile; fileRef = 9B89A5572144CE350018B7D0 /* AppDelegate.swift */; };
		9B89A55A2144CE350018B7D0 /* ViewController.swift in Sources */ = {isa = PBXBuildFile; fileRef = 9B89A5592144CE350018B7D0 /* ViewController.swift */; };
		9B89A55D2144CE350018B7D0 /* Main.storyboard in Resources */ = {isa = PBXBuildFile; fileRef = 9B89A55B2144CE350018B7D0 /* Main.storyboard */; };
		9B89A55F2144CE360018B7D0 /* Assets.xcassets in Resources */ = {isa = PBXBuildFile; fileRef = 9B89A55E2144CE360018B7D0 /* Assets.xcassets */; };
		9B89A5622144CE360018B7D0 /* LaunchScreen.storyboard in Resources */ = {isa = PBXBuildFile; fileRef = 9B89A5602144CE360018B7D0 /* LaunchScreen.storyboard */; };
		9B89A56D2144CE370018B7D0 /* FlickrImageAssignmentTests.swift in Sources */ = {isa = PBXBuildFile; fileRef = 9B89A56C2144CE370018B7D0 /* FlickrImageAssignmentTests.swift */; };
		9B89A5782144D7F70018B7D0 /* AlbumCollectionViewCell.swift in Sources */ = {isa = PBXBuildFile; fileRef = 9B89A5772144D7F70018B7D0 /* AlbumCollectionViewCell.swift */; };
		9B89A57F2144E04F0018B7D0 /* noImageFound.jpg in Resources */ = {isa = PBXBuildFile; fileRef = 9B89A57E2144E04F0018B7D0 /* noImageFound.jpg */; };
		9B89A5822144E27B0018B7D0 /* NetworkCommunicator.swift in Sources */ = {isa = PBXBuildFile; fileRef = 9B89A5812144E27B0018B7D0 /* NetworkCommunicator.swift */; };
		9B89A5842144E2CD0018B7D0 /* Result.swift in Sources */ = {isa = PBXBuildFile; fileRef = 9B89A5832144E2CD0018B7D0 /* Result.swift */; };
		9B89A5862144E2F50018B7D0 /* RequestType.swift in Sources */ = {isa = PBXBuildFile; fileRef = 9B89A5852144E2F50018B7D0 /* RequestType.swift */; };
		9B89A5882144EA0C0018B7D0 /* ImageViewExtensions.swift in Sources */ = {isa = PBXBuildFile; fileRef = 9B89A5872144EA0C0018B7D0 /* ImageViewExtensions.swift */; };
		9B89A58A2144F4980018B7D0 /* FlickrResponse.swift in Sources */ = {isa = PBXBuildFile; fileRef = 9B89A5892144F4980018B7D0 /* FlickrResponse.swift */; };
		9B89A58C2144FDB40018B7D0 /* FlickrPaginatedAPIService.swift in Sources */ = {isa = PBXBuildFile; fileRef = 9B89A58B2144FDB40018B7D0 /* FlickrPaginatedAPIService.swift */; };
/* End PBXBuildFile section */

/* Begin PBXContainerItemProxy section */
		9B89A5692144CE370018B7D0 /* PBXContainerItemProxy */ = {
			isa = PBXContainerItemProxy;
			containerPortal = 9B89A54C2144CE350018B7D0 /* Project object */;
			proxyType = 1;
			remoteGlobalIDString = 9B89A5532144CE350018B7D0;
			remoteInfo = FlickrImageAssignment;
		};
/* End PBXContainerItemProxy section */

/* Begin PBXFileReference section */
		9B89A5542144CE350018B7D0 /* FlickrImageAssignment.app */ = {isa = PBXFileReference; explicitFileType = wrapper.application; includeInIndex = 0; path = FlickrImageAssignment.app; sourceTree = BUILT_PRODUCTS_DIR; };
		9B89A5572144CE350018B7D0 /* AppDelegate.swift */ = {isa = PBXFileReference; lastKnownFileType = sourcecode.swift; path = AppDelegate.swift; sourceTree = "<group>"; };
		9B89A5592144CE350018B7D0 /* ViewController.swift */ = {isa = PBXFileReference; lastKnownFileType = sourcecode.swift; path = ViewController.swift; sourceTree = "<group>"; };
		9B89A55C2144CE350018B7D0 /* Base */ = {isa = PBXFileReference; lastKnownFileType = file.storyboard; name = Base; path = Base.lproj/Main.storyboard; sourceTree = "<group>"; };
		9B89A55E2144CE360018B7D0 /* Assets.xcassets */ = {isa = PBXFileReference; lastKnownFileType = folder.assetcatalog; path = Assets.xcassets; sourceTree = "<group>"; };
		9B89A5612144CE360018B7D0 /* Base */ = {isa = PBXFileReference; lastKnownFileType = file.storyboard; name = Base; path = Base.lproj/LaunchScreen.storyboard; sourceTree = "<group>"; };
		9B89A5632144CE360018B7D0 /* Info.plist */ = {isa = PBXFileReference; lastKnownFileType = text.plist.xml; path = Info.plist; sourceTree = "<group>"; };
		9B89A5682144CE370018B7D0 /* FlickrImageAssignmentTests.xctest */ = {isa = PBXFileReference; explicitFileType = wrapper.cfbundle; includeInIndex = 0; path = FlickrImageAssignmentTests.xctest; sourceTree = BUILT_PRODUCTS_DIR; };
		9B89A56C2144CE370018B7D0 /* FlickrImageAssignmentTests.swift */ = {isa = PBXFileReference; lastKnownFileType = sourcecode.swift; path = FlickrImageAssignmentTests.swift; sourceTree = "<group>"; };
		9B89A56E2144CE370018B7D0 /* Info.plist */ = {isa = PBXFileReference; lastKnownFileType = text.plist.xml; path = Info.plist; sourceTree = "<group>"; };
		9B89A5772144D7F70018B7D0 /* AlbumCollectionViewCell.swift */ = {isa = PBXFileReference; lastKnownFileType = sourcecode.swift; path = AlbumCollectionViewCell.swift; sourceTree = "<group>"; };
		9B89A57E2144E04F0018B7D0 /* noImageFound.jpg */ = {isa = PBXFileReference; lastKnownFileType = image.jpeg; path = noImageFound.jpg; sourceTree = "<group>"; };
		9B89A5812144E27B0018B7D0 /* NetworkCommunicator.swift */ = {isa = PBXFileReference; lastKnownFileType = sourcecode.swift; path = NetworkCommunicator.swift; sourceTree = "<group>"; };
		9B89A5832144E2CD0018B7D0 /* Result.swift */ = {isa = PBXFileReference; lastKnownFileType = sourcecode.swift; path = Result.swift; sourceTree = "<group>"; };
		9B89A5852144E2F50018B7D0 /* RequestType.swift */ = {isa = PBXFileReference; lastKnownFileType = sourcecode.swift; path = RequestType.swift; sourceTree = "<group>"; };
		9B89A5872144EA0C0018B7D0 /* ImageViewExtensions.swift */ = {isa = PBXFileReference; lastKnownFileType = sourcecode.swift; path = ImageViewExtensions.swift; sourceTree = "<group>"; };
		9B89A5892144F4980018B7D0 /* FlickrResponse.swift */ = {isa = PBXFileReference; lastKnownFileType = sourcecode.swift; path = FlickrResponse.swift; sourceTree = "<group>"; };
		9B89A58B2144FDB40018B7D0 /* FlickrPaginatedAPIService.swift */ = {isa = PBXFileReference; lastKnownFileType = sourcecode.swift; path = FlickrPaginatedAPIService.swift; sourceTree = "<group>"; };
/* End PBXFileReference section */

/* Begin PBXFrameworksBuildPhase section */
		9B89A5512144CE350018B7D0 /* Frameworks */ = {
			isa = PBXFrameworksBuildPhase;
			buildActionMask = 2147483647;
			files = (
			);
			runOnlyForDeploymentPostprocessing = 0;
		};
		9B89A5652144CE370018B7D0 /* Frameworks */ = {
			isa = PBXFrameworksBuildPhase;
			buildActionMask = 2147483647;
			files = (
			);
			runOnlyForDeploymentPostprocessing = 0;
		};
/* End PBXFrameworksBuildPhase section */

/* Begin PBXGroup section */
		9B89A54B2144CE350018B7D0 = {
			isa = PBXGroup;
			children = (
				9B89A5562144CE350018B7D0 /* FlickrImageAssignment */,
				9B89A56B2144CE370018B7D0 /* FlickrImageAssignmentTests */,
				9B89A5552144CE350018B7D0 /* Products */,
			);
			sourceTree = "<group>";
		};
		9B89A5552144CE350018B7D0 /* Products */ = {
			isa = PBXGroup;
			children = (
				9B89A5542144CE350018B7D0 /* FlickrImageAssignment.app */,
				9B89A5682144CE370018B7D0 /* FlickrImageAssignmentTests.xctest */,
			);
			name = Products;
			sourceTree = "<group>";
		};
		9B89A5562144CE350018B7D0 /* FlickrImageAssignment */ = {
			isa = PBXGroup;
			children = (
				9B89A5802144E0750018B7D0 /* Views */,
				9B89A57D2144E02D0018B7D0 /* Communicator */,
				9B89A57C2144E02D0018B7D0 /* Model */,
				9B89A57B2144E02C0018B7D0 /* Resources */,
				9B89A5572144CE350018B7D0 /* AppDelegate.swift */,
				9B89A55B2144CE350018B7D0 /* Main.storyboard */,
				9B89A55E2144CE360018B7D0 /* Assets.xcassets */,
				9B89A5602144CE360018B7D0 /* LaunchScreen.storyboard */,
				9B89A5632144CE360018B7D0 /* Info.plist */,
			);
			path = FlickrImageAssignment;
			sourceTree = "<group>";
		};
		9B89A56B2144CE370018B7D0 /* FlickrImageAssignmentTests */ = {
			isa = PBXGroup;
			children = (
				9B89A56C2144CE370018B7D0 /* FlickrImageAssignmentTests.swift */,
				9B89A56E2144CE370018B7D0 /* Info.plist */,
			);
			path = FlickrImageAssignmentTests;
			sourceTree = "<group>";
		};
		9B89A57B2144E02C0018B7D0 /* Resources */ = {
			isa = PBXGroup;
			children = (
				9B89A57E2144E04F0018B7D0 /* noImageFound.jpg */,
			);
			path = Resources;
			sourceTree = "<group>";
		};
		9B89A57C2144E02D0018B7D0 /* Model */ = {
			isa = PBXGroup;
			children = (
				9B89A5892144F4980018B7D0 /* FlickrResponse.swift */,
			);
			path = Model;
			sourceTree = "<group>";
		};
		9B89A57D2144E02D0018B7D0 /* Communicator */ = {
			isa = PBXGroup;
			children = (
				9B89A5812144E27B0018B7D0 /* NetworkCommunicator.swift */,
				9B89A5832144E2CD0018B7D0 /* Result.swift */,
				9B89A5852144E2F50018B7D0 /* RequestType.swift */,
				9B89A58B2144FDB40018B7D0 /* FlickrPaginatedAPIService.swift */,
			);
			path = Communicator;
			sourceTree = "<group>";
		};
		9B89A5802144E0750018B7D0 /* Views */ = {
			isa = PBXGroup;
			children = (
				9B89A5772144D7F70018B7D0 /* AlbumCollectionViewCell.swift */,
				9B89A5592144CE350018B7D0 /* ViewController.swift */,
				9B89A5872144EA0C0018B7D0 /* ImageViewExtensions.swift */,
			);
			path = Views;
			sourceTree = "<group>";
		};
/* End PBXGroup section */

/* Begin PBXNativeTarget section */
		9B89A5532144CE350018B7D0 /* FlickrImageAssignment */ = {
			isa = PBXNativeTarget;
			buildConfigurationList = 9B89A5712144CE370018B7D0 /* Build configuration list for PBXNativeTarget "FlickrImageAssignment" */;
			buildPhases = (
				9B89A5502144CE350018B7D0 /* Sources */,
				9B89A5512144CE350018B7D0 /* Frameworks */,
				9B89A5522144CE350018B7D0 /* Resources */,
			);
			buildRules = (
			);
			dependencies = (
			);
			name = FlickrImageAssignment;
			productName = FlickrImageAssignment;
			productReference = 9B89A5542144CE350018B7D0 /* FlickrImageAssignment.app */;
			productType = "com.apple.product-type.application";
		};
		9B89A5672144CE370018B7D0 /* FlickrImageAssignmentTests */ = {
			isa = PBXNativeTarget;
			buildConfigurationList = 9B89A5742144CE370018B7D0 /* Build configuration list for PBXNativeTarget "FlickrImageAssignmentTests" */;
			buildPhases = (
				9B89A5642144CE370018B7D0 /* Sources */,
				9B89A5652144CE370018B7D0 /* Frameworks */,
				9B89A5662144CE370018B7D0 /* Resources */,
			);
			buildRules = (
			);
			dependencies = (
				9B89A56A2144CE370018B7D0 /* PBXTargetDependency */,
			);
			name = FlickrImageAssignmentTests;
			productName = FlickrImageAssignmentTests;
			productReference = 9B89A5682144CE370018B7D0 /* FlickrImageAssignmentTests.xctest */;
			productType = "com.apple.product-type.bundle.unit-test";
		};
/* End PBXNativeTarget section */

/* Begin PBXProject section */
		9B89A54C2144CE350018B7D0 /* Project object */ = {
			isa = PBXProject;
			attributes = {
				LastSwiftUpdateCheck = 0940;
				LastUpgradeCheck = 0940;
				ORGANIZATIONNAME = "Shrinivas Prabhu";
				TargetAttributes = {
					9B89A5532144CE350018B7D0 = {
						CreatedOnToolsVersion = 9.4;
					};
					9B89A5672144CE370018B7D0 = {
						CreatedOnToolsVersion = 9.4;
						TestTargetID = 9B89A5532144CE350018B7D0;
					};
				};
			};
			buildConfigurationList = 9B89A54F2144CE350018B7D0 /* Build configuration list for PBXProject "FlickrImageAssignment" */;
			compatibilityVersion = "Xcode 9.3";
			developmentRegion = en;
			hasScannedForEncodings = 0;
			knownRegions = (
				en,
				Base,
			);
			mainGroup = 9B89A54B2144CE350018B7D0;
			productRefGroup = 9B89A5552144CE350018B7D0 /* Products */;
			projectDirPath = "";
			projectRoot = "";
			targets = (
				9B89A5532144CE350018B7D0 /* FlickrImageAssignment */,
				9B89A5672144CE370018B7D0 /* FlickrImageAssignmentTests */,
			);
		};
/* End PBXProject section */

/* Begin PBXResourcesBuildPhase section */
		9B89A5522144CE350018B7D0 /* Resources */ = {
			isa = PBXResourcesBuildPhase;
			buildActionMask = 2147483647;
			files = (
				9B89A5622144CE360018B7D0 /* LaunchScreen.storyboard in Resources */,
				9B89A55F2144CE360018B7D0 /* Assets.xcassets in Resources */,
				9B89A55D2144CE350018B7D0 /* Main.storyboard in Resources */,
				9B89A57F2144E04F0018B7D0 /* noImageFound.jpg in Resources */,
			);
			runOnlyForDeploymentPostprocessing = 0;
		};
		9B89A5662144CE370018B7D0 /* Resources */ = {
			isa = PBXResourcesBuildPhase;
			buildActionMask = 2147483647;
			files = (
			);
			runOnlyForDeploymentPostprocessing = 0;
		};
/* End PBXResourcesBuildPhase section */

/* Begin PBXSourcesBuildPhase section */
		9B89A5502144CE350018B7D0 /* Sources */ = {
			isa = PBXSourcesBuildPhase;
			buildActionMask = 2147483647;
			files = (
				9B89A5782144D7F70018B7D0 /* AlbumCollectionViewCell.swift in Sources */,
				9B89A58A2144F4980018B7D0 /* FlickrResponse.swift in Sources */,
				9B89A5842144E2CD0018B7D0 /* Result.swift in Sources */,
				9B89A58C2144FDB40018B7D0 /* FlickrPaginatedAPIService.swift in Sources */,
				9B89A55A2144CE350018B7D0 /* ViewController.swift in Sources */,
				9B89A5582144CE350018B7D0 /* AppDelegate.swift in Sources */,
				9B89A5862144E2F50018B7D0 /* RequestType.swift in Sources */,
				9B89A5822144E27B0018B7D0 /* NetworkCommunicator.swift in Sources */,
				9B89A5882144EA0C0018B7D0 /* ImageViewExtensions.swift in Sources */,
			);
			runOnlyForDeploymentPostprocessing = 0;
		};
		9B89A5642144CE370018B7D0 /* Sources */ = {
			isa = PBXSourcesBuildPhase;
			buildActionMask = 2147483647;
			files = (
				9B89A56D2144CE370018B7D0 /* FlickrImageAssignmentTests.swift in Sources */,
			);
			runOnlyForDeploymentPostprocessing = 0;
		};
/* End PBXSourcesBuildPhase section */

/* Begin PBXTargetDependency section */
		9B89A56A2144CE370018B7D0 /* PBXTargetDependency */ = {
			isa = PBXTargetDependency;
			target = 9B89A5532144CE350018B7D0 /* FlickrImageAssignment */;
			targetProxy = 9B89A5692144CE370018B7D0 /* PBXContainerItemProxy */;
		};
/* End PBXTargetDependency section */

/* Begin PBXVariantGroup section */
		9B89A55B2144CE350018B7D0 /* Main.storyboard */ = {
			isa = PBXVariantGroup;
			children = (
				9B89A55C2144CE350018B7D0 /* Base */,
			);
			name = Main.storyboard;
			sourceTree = "<group>";
		};
		9B89A5602144CE360018B7D0 /* LaunchScreen.storyboard */ = {
			isa = PBXVariantGroup;
			children = (
				9B89A5612144CE360018B7D0 /* Base */,
			);
			name = LaunchScreen.storyboard;
			sourceTree = "<group>";
		};
/* End PBXVariantGroup section */

/* Begin XCBuildConfiguration section */
		9B89A56F2144CE370018B7D0 /* Debug */ = {
			isa = XCBuildConfiguration;
			buildSettings = {
				ALWAYS_SEARCH_USER_PATHS = NO;
				CLANG_ANALYZER_NONNULL = YES;
				CLANG_ANALYZER_NUMBER_OBJECT_CONVERSION = YES_AGGRESSIVE;
				CLANG_CXX_LANGUAGE_STANDARD = "gnu++14";
				CLANG_CXX_LIBRARY = "libc++";
				CLANG_ENABLE_MODULES = YES;
				CLANG_ENABLE_OBJC_ARC = YES;
				CLANG_ENABLE_OBJC_WEAK = YES;
				CLANG_WARN_BLOCK_CAPTURE_AUTORELEASING = YES;
				CLANG_WARN_BOOL_CONVERSION = YES;
				CLANG_WARN_COMMA = YES;
				CLANG_WARN_CONSTANT_CONVERSION = YES;
				CLANG_WARN_DEPRECATED_OBJC_IMPLEMENTATIONS = YES;
				CLANG_WARN_DIRECT_OBJC_ISA_USAGE = YES_ERROR;
				CLANG_WARN_DOCUMENTATION_COMMENTS = YES;
				CLANG_WARN_EMPTY_BODY = YES;
				CLANG_WARN_ENUM_CONVERSION = YES;
				CLANG_WARN_INFINITE_RECURSION = YES;
				CLANG_WARN_INT_CONVERSION = YES;
				CLANG_WARN_NON_LITERAL_NULL_CONVERSION = YES;
				CLANG_WARN_OBJC_IMPLICIT_RETAIN_SELF = YES;
				CLANG_WARN_OBJC_LITERAL_CONVERSION = YES;
				CLANG_WARN_OBJC_ROOT_CLASS = YES_ERROR;
				CLANG_WARN_RANGE_LOOP_ANALYSIS = YES;
				CLANG_WARN_STRICT_PROTOTYPES = YES;
				CLANG_WARN_SUSPICIOUS_MOVE = YES;
				CLANG_WARN_UNGUARDED_AVAILABILITY = YES_AGGRESSIVE;
				CLANG_WARN_UNREACHABLE_CODE = YES;
				CLANG_WARN__DUPLICATE_METHOD_MATCH = YES;
				CODE_SIGN_IDENTITY = "iPhone Developer";
				COPY_PHASE_STRIP = NO;
				DEBUG_INFORMATION_FORMAT = dwarf;
				ENABLE_STRICT_OBJC_MSGSEND = YES;
				ENABLE_TESTABILITY = YES;
				GCC_C_LANGUAGE_STANDARD = gnu11;
				GCC_DYNAMIC_NO_PIC = NO;
				GCC_NO_COMMON_BLOCKS = YES;
				GCC_OPTIMIZATION_LEVEL = 0;
				GCC_PREPROCESSOR_DEFINITIONS = (
					"DEBUG=1",
					"$(inherited)",
				);
				GCC_WARN_64_TO_32_BIT_CONVERSION = YES;
				GCC_WARN_ABOUT_RETURN_TYPE = YES_ERROR;
				GCC_WARN_UNDECLARED_SELECTOR = YES;
				GCC_WARN_UNINITIALIZED_AUTOS = YES_AGGRESSIVE;
				GCC_WARN_UNUSED_FUNCTION = YES;
				GCC_WARN_UNUSED_VARIABLE = YES;
				IPHONEOS_DEPLOYMENT_TARGET = 11.4;
				MTL_ENABLE_DEBUG_INFO = YES;
				ONLY_ACTIVE_ARCH = YES;
				SDKROOT = iphoneos;
				SWIFT_ACTIVE_COMPILATION_CONDITIONS = DEBUG;
				SWIFT_OPTIMIZATION_LEVEL = "-Onone";
			};
			name = Debug;
		};
		9B89A5702144CE370018B7D0 /* Release */ = {
			isa = XCBuildConfiguration;
			buildSettings = {
				ALWAYS_SEARCH_USER_PATHS = NO;
				CLANG_ANALYZER_NONNULL = YES;
				CLANG_ANALYZER_NUMBER_OBJECT_CONVERSION = YES_AGGRESSIVE;
				CLANG_CXX_LANGUAGE_STANDARD = "gnu++14";
				CLANG_CXX_LIBRARY = "libc++";
				CLANG_ENABLE_MODULES = YES;
				CLANG_ENABLE_OBJC_ARC = YES;
				CLANG_ENABLE_OBJC_WEAK = YES;
				CLANG_WARN_BLOCK_CAPTURE_AUTORELEASING = YES;
				CLANG_WARN_BOOL_CONVERSION = YES;
				CLANG_WARN_COMMA = YES;
				CLANG_WARN_CONSTANT_CONVERSION = YES;
				CLANG_WARN_DEPRECATED_OBJC_IMPLEMENTATIONS = YES;
				CLANG_WARN_DIRECT_OBJC_ISA_USAGE = YES_ERROR;
				CLANG_WARN_DOCUMENTATION_COMMENTS = YES;
				CLANG_WARN_EMPTY_BODY = YES;
				CLANG_WARN_ENUM_CONVERSION = YES;
				CLANG_WARN_INFINITE_RECURSION = YES;
				CLANG_WARN_INT_CONVERSION = YES;
				CLANG_WARN_NON_LITERAL_NULL_CONVERSION = YES;
				CLANG_WARN_OBJC_IMPLICIT_RETAIN_SELF = YES;
				CLANG_WARN_OBJC_LITERAL_CONVERSION = YES;
				CLANG_WARN_OBJC_ROOT_CLASS = YES_ERROR;
				CLANG_WARN_RANGE_LOOP_ANALYSIS = YES;
				CLANG_WARN_STRICT_PROTOTYPES = YES;
				CLANG_WARN_SUSPICIOUS_MOVE = YES;
				CLANG_WARN_UNGUARDED_AVAILABILITY = YES_AGGRESSIVE;
				CLANG_WARN_UNREACHABLE_CODE = YES;
				CLANG_WARN__DUPLICATE_METHOD_MATCH = YES;
				CODE_SIGN_IDENTITY = "iPhone Developer";
				COPY_PHASE_STRIP = NO;
				DEBUG_INFORMATION_FORMAT = "dwarf-with-dsym";
				ENABLE_NS_ASSERTIONS = NO;
				ENABLE_STRICT_OBJC_MSGSEND = YES;
				GCC_C_LANGUAGE_STANDARD = gnu11;
				GCC_NO_COMMON_BLOCKS = YES;
				GCC_WARN_64_TO_32_BIT_CONVERSION = YES;
				GCC_WARN_ABOUT_RETURN_TYPE = YES_ERROR;
				GCC_WARN_UNDECLARED_SELECTOR = YES;
				GCC_WARN_UNINITIALIZED_AUTOS = YES_AGGRESSIVE;
				GCC_WARN_UNUSED_FUNCTION = YES;
				GCC_WARN_UNUSED_VARIABLE = YES;
				IPHONEOS_DEPLOYMENT_TARGET = 11.4;
				MTL_ENABLE_DEBUG_INFO = NO;
				SDKROOT = iphoneos;
				SWIFT_COMPILATION_MODE = wholemodule;
				SWIFT_OPTIMIZATION_LEVEL = "-O";
				VALIDATE_PRODUCT = YES;
			};
			name = Release;
		};
		9B89A5722144CE370018B7D0 /* Debug */ = {
			isa = XCBuildConfiguration;
			buildSettings = {
				ASSETCATALOG_COMPILER_APPICON_NAME = AppIcon;
				CODE_SIGN_STYLE = Automatic;
				INFOPLIST_FILE = FlickrImageAssignment/Info.plist;
				LD_RUNPATH_SEARCH_PATHS = (
					"$(inherited)",
					"@executable_path/Frameworks",
				);
				PRODUCT_BUNDLE_IDENTIFIER = com.shrinivas.FlickrImageAssignment;
				PRODUCT_NAME = "$(TARGET_NAME)";
				SWIFT_VERSION = 4.0;
				TARGETED_DEVICE_FAMILY = "1,2";
			};
			name = Debug;
		};
		9B89A5732144CE370018B7D0 /* Release */ = {
			isa = XCBuildConfiguration;
			buildSettings = {
				ASSETCATALOG_COMPILER_APPICON_NAME = AppIcon;
				CODE_SIGN_STYLE = Automatic;
				INFOPLIST_FILE = FlickrImageAssignment/Info.plist;
				LD_RUNPATH_SEARCH_PATHS = (
					"$(inherited)",
					"@executable_path/Frameworks",
				);
				PRODUCT_BUNDLE_IDENTIFIER = com.shrinivas.FlickrImageAssignment;
				PRODUCT_NAME = "$(TARGET_NAME)";
				SWIFT_VERSION = 4.0;
				TARGETED_DEVICE_FAMILY = "1,2";
			};
			name = Release;
		};
		9B89A5752144CE370018B7D0 /* Debug */ = {
			isa = XCBuildConfiguration;
			buildSettings = {
				ALWAYS_EMBED_SWIFT_STANDARD_LIBRARIES = YES;
				BUNDLE_LOADER = "$(TEST_HOST)";
				CODE_SIGN_STYLE = Automatic;
				INFOPLIST_FILE = FlickrImageAssignmentTests/Info.plist;
				LD_RUNPATH_SEARCH_PATHS = (
					"$(inherited)",
					"@executable_path/Frameworks",
					"@loader_path/Frameworks",
				);
				PRODUCT_BUNDLE_IDENTIFIER = com.shrinivas.FlickrImageAssignmentTests;
				PRODUCT_NAME = "$(TARGET_NAME)";
				SWIFT_VERSION = 4.0;
				TARGETED_DEVICE_FAMILY = "1,2";
				TEST_HOST = "$(BUILT_PRODUCTS_DIR)/FlickrImageAssignment.app/FlickrImageAssignment";
			};
			name = Debug;
		};
		9B89A5762144CE370018B7D0 /* Release */ = {
			isa = XCBuildConfiguration;
			buildSettings = {
				ALWAYS_EMBED_SWIFT_STANDARD_LIBRARIES = YES;
				BUNDLE_LOADER = "$(TEST_HOST)";
				CODE_SIGN_STYLE = Automatic;
				INFOPLIST_FILE = FlickrImageAssignmentTests/Info.plist;
				LD_RUNPATH_SEARCH_PATHS = (
					"$(inherited)",
					"@executable_path/Frameworks",
					"@loader_path/Frameworks",
				);
				PRODUCT_BUNDLE_IDENTIFIER = com.shrinivas.FlickrImageAssignmentTests;
				PRODUCT_NAME = "$(TARGET_NAME)";
				SWIFT_VERSION = 4.0;
				TARGETED_DEVICE_FAMILY = "1,2";
				TEST_HOST = "$(BUILT_PRODUCTS_DIR)/FlickrImageAssignment.app/FlickrImageAssignment";
			};
			name = Release;
		};
/* End XCBuildConfiguration section */

/* Begin XCConfigurationList section */
		9B89A54F2144CE350018B7D0 /* Build configuration list for PBXProject "FlickrImageAssignment" */ = {
			isa = XCConfigurationList;
			buildConfigurations = (
				9B89A56F2144CE370018B7D0 /* Debug */,
				9B89A5702144CE370018B7D0 /* Release */,
			);
			defaultConfigurationIsVisible = 0;
			defaultConfigurationName = Release;
		};
		9B89A5712144CE370018B7D0 /* Build configuration list for PBXNativeTarget "FlickrImageAssignment" */ = {
			isa = XCConfigurationList;
			buildConfigurations = (
				9B89A5722144CE370018B7D0 /* Debug */,
				9B89A5732144CE370018B7D0 /* Release */,
			);
			defaultConfigurationIsVisible = 0;
			defaultConfigurationName = Release;
		};
		9B89A5742144CE370018B7D0 /* Build configuration list for PBXNativeTarget "FlickrImageAssignmentTests" */ = {
			isa = XCConfigurationList;
			buildConfigurations = (
				9B89A5752144CE370018B7D0 /* Debug */,
				9B89A5762144CE370018B7D0 /* Release */,
			);
			defaultConfigurationIsVisible = 0;
			defaultConfigurationName = Release;
		};
/* End XCConfigurationList section */
	};
	rootObject = 9B89A54C2144CE350018B7D0 /* Project object */;
}
